// !$*UTF8*$!
{
	archiveVersion = 1;
	classes = {
	};
	objectVersion = 46;
	objects = {

/* Begin PBXBuildFile section */
		EE70A9911B91EFAB00D6D705 /* main.m in Sources */ = {isa = PBXBuildFile; fileRef = EE70A9901B91EFAB00D6D705 /* main.m */; };
		EE70A9941B91EFAB00D6D705 /* AppDelegate.m in Sources */ = {isa = PBXBuildFile; fileRef = EE70A9931B91EFAB00D6D705 /* AppDelegate.m */; };
		EE70A9971B91EFAB00D6D705 /* ViewController.m in Sources */ = {isa = PBXBuildFile; fileRef = EE70A9961B91EFAB00D6D705 /* ViewController.m */; };
		EE70A99A1B91EFAB00D6D705 /* Main.storyboard in Resources */ = {isa = PBXBuildFile; fileRef = EE70A9981B91EFAB00D6D705 /* Main.storyboard */; };
		EE70A99C1B91EFAB00D6D705 /* Images.xcassets in Resources */ = {isa = PBXBuildFile; fileRef = EE70A99B1B91EFAB00D6D705 /* Images.xcassets */; };
		EE70A99F1B91EFAB00D6D705 /* LaunchScreen.xib in Resources */ = {isa = PBXBuildFile; fileRef = EE70A99D1B91EFAB00D6D705 /* LaunchScreen.xib */; };
		EE70A9AB1B91EFAB00D6D705 /* ProductViewCodeKataTests.m in Sources */ = {isa = PBXBuildFile; fileRef = EE70A9AA1B91EFAB00D6D705 /* ProductViewCodeKataTests.m */; };
		EE70A9B71B91F75000D6D705 /* BaseProductCell.m in Sources */ = {isa = PBXBuildFile; fileRef = EE70A9B61B91F75000D6D705 /* BaseProductCell.m */; };
		EE70A9BA1B91F89500D6D705 /* UsedProductCell.m in Sources */ = {isa = PBXBuildFile; fileRef = EE70A9B91B91F89500D6D705 /* UsedProductCell.m */; };
		EE70A9BF1B91FC7B00D6D705 /* Notebook.m in Sources */ = {isa = PBXBuildFile; fileRef = EE70A9BE1B91FC7B00D6D705 /* Notebook.m */; };
		EE70A9C21B91FC8700D6D705 /* SecondHand.m in Sources */ = {isa = PBXBuildFile; fileRef = EE70A9C11B91FC8700D6D705 /* SecondHand.m */; };
		EE70A9C51B91FD4A00D6D705 /* ProductFactory.m in Sources */ = {isa = PBXBuildFile; fileRef = EE70A9C41B91FD4A00D6D705 /* ProductFactory.m */; };
/* End PBXBuildFile section */

/* Begin PBXContainerItemProxy section */
		EE70A9A51B91EFAB00D6D705 /* PBXContainerItemProxy */ = {
			isa = PBXContainerItemProxy;
			containerPortal = EE70A9831B91EFAB00D6D705 /* Project object */;
			proxyType = 1;
			remoteGlobalIDString = EE70A98A1B91EFAB00D6D705;
			remoteInfo = ProductViewCodeKata;
		};
/* End PBXContainerItemProxy section */

/* Begin PBXFileReference section */
		EE70A98B1B91EFAB00D6D705 /* ProductViewCodeKata.app */ = {isa = PBXFileReference; explicitFileType = wrapper.application; includeInIndex = 0; path = ProductViewCodeKata.app; sourceTree = BUILT_PRODUCTS_DIR; };
		EE70A98F1B91EFAB00D6D705 /* Info.plist */ = {isa = PBXFileReference; lastKnownFileType = text.plist.xml; path = Info.plist; sourceTree = "<group>"; };
		EE70A9901B91EFAB00D6D705 /* main.m */ = {isa = PBXFileReference; lastKnownFileType = sourcecode.c.objc; path = main.m; sourceTree = "<group>"; };
		EE70A9921B91EFAB00D6D705 /* AppDelegate.h */ = {isa = PBXFileReference; lastKnownFileType = sourcecode.c.h; path = AppDelegate.h; sourceTree = "<group>"; };
		EE70A9931B91EFAB00D6D705 /* AppDelegate.m */ = {isa = PBXFileReference; lastKnownFileType = sourcecode.c.objc; path = AppDelegate.m; sourceTree = "<group>"; };
		EE70A9951B91EFAB00D6D705 /* ViewController.h */ = {isa = PBXFileReference; lastKnownFileType = sourcecode.c.h; path = ViewController.h; sourceTree = "<group>"; };
		EE70A9961B91EFAB00D6D705 /* ViewController.m */ = {isa = PBXFileReference; lastKnownFileType = sourcecode.c.objc; path = ViewController.m; sourceTree = "<group>"; };
		EE70A9991B91EFAB00D6D705 /* Base */ = {isa = PBXFileReference; lastKnownFileType = file.storyboard; name = Base; path = Base.lproj/Main.storyboard; sourceTree = "<group>"; };
		EE70A99B1B91EFAB00D6D705 /* Images.xcassets */ = {isa = PBXFileReference; lastKnownFileType = folder.assetcatalog; path = Images.xcassets; sourceTree = "<group>"; };
		EE70A99E1B91EFAB00D6D705 /* Base */ = {isa = PBXFileReference; lastKnownFileType = file.xib; name = Base; path = Base.lproj/LaunchScreen.xib; sourceTree = "<group>"; };
		EE70A9A41B91EFAB00D6D705 /* ProductViewCodeKataTests.xctest */ = {isa = PBXFileReference; explicitFileType = wrapper.cfbundle; includeInIndex = 0; path = ProductViewCodeKataTests.xctest; sourceTree = BUILT_PRODUCTS_DIR; };
		EE70A9A91B91EFAB00D6D705 /* Info.plist */ = {isa = PBXFileReference; lastKnownFileType = text.plist.xml; path = Info.plist; sourceTree = "<group>"; };
		EE70A9AA1B91EFAB00D6D705 /* ProductViewCodeKataTests.m */ = {isa = PBXFileReference; lastKnownFileType = sourcecode.c.objc; path = ProductViewCodeKataTests.m; sourceTree = "<group>"; };
		EE70A9B51B91F75000D6D705 /* BaseProductCell.h */ = {isa = PBXFileReference; fileEncoding = 4; lastKnownFileType = sourcecode.c.h; path = BaseProductCell.h; sourceTree = "<group>"; };
		EE70A9B61B91F75000D6D705 /* BaseProductCell.m */ = {isa = PBXFileReference; fileEncoding = 4; lastKnownFileType = sourcecode.c.objc; path = BaseProductCell.m; sourceTree = "<group>"; };
		EE70A9B81B91F89500D6D705 /* UsedProductCell.h */ = {isa = PBXFileReference; fileEncoding = 4; lastKnownFileType = sourcecode.c.h; path = UsedProductCell.h; sourceTree = "<group>"; };
		EE70A9B91B91F89500D6D705 /* UsedProductCell.m */ = {isa = PBXFileReference; fileEncoding = 4; lastKnownFileType = sourcecode.c.objc; path = UsedProductCell.m; sourceTree = "<group>"; };
		EE70A9BC1B91FC4600D6D705 /* Product.h */ = {isa = PBXFileReference; fileEncoding = 4; lastKnownFileType = sourcecode.c.h; path = Product.h; sourceTree = "<group>"; };
		EE70A9BD1B91FC7B00D6D705 /* Notebook.h */ = {isa = PBXFileReference; fileEncoding = 4; lastKnownFileType = sourcecode.c.h; path = Notebook.h; sourceTree = "<group>"; };
		EE70A9BE1B91FC7B00D6D705 /* Notebook.m */ = {isa = PBXFileReference; fileEncoding = 4; lastKnownFileType = sourcecode.c.objc; path = Notebook.m; sourceTree = "<group>"; };
		EE70A9C01B91FC8700D6D705 /* SecondHand.h */ = {isa = PBXFileReference; fileEncoding = 4; lastKnownFileType = sourcecode.c.h; path = SecondHand.h; sourceTree = "<group>"; };
		EE70A9C11B91FC8700D6D705 /* SecondHand.m */ = {isa = PBXFileReference; fileEncoding = 4; lastKnownFileType = sourcecode.c.objc; path = SecondHand.m; sourceTree = "<group>"; };
		EE70A9C31B91FD4A00D6D705 /* ProductFactory.h */ = {isa = PBXFileReference; fileEncoding = 4; lastKnownFileType = sourcecode.c.h; path = ProductFactory.h; sourceTree = "<group>"; };
		EE70A9C41B91FD4A00D6D705 /* ProductFactory.m */ = {isa = PBXFileReference; fileEncoding = 4; lastKnownFileType = sourcecode.c.objc; path = ProductFactory.m; sourceTree = "<group>"; };
		EE70A9C61B92009A00D6D705 /* ProductCell.h */ = {isa = PBXFileReference; fileEncoding = 4; lastKnownFileType = sourcecode.c.h; path = ProductCell.h; sourceTree = "<group>"; };
/* End PBXFileReference section */

/* Begin PBXFrameworksBuildPhase section */
		EE70A9881B91EFAB00D6D705 /* Frameworks */ = {
			isa = PBXFrameworksBuildPhase;
			buildActionMask = 2147483647;
			files = (
			);
			runOnlyForDeploymentPostprocessing = 0;
		};
		EE70A9A11B91EFAB00D6D705 /* Frameworks */ = {
			isa = PBXFrameworksBuildPhase;
			buildActionMask = 2147483647;
			files = (
			);
			runOnlyForDeploymentPostprocessing = 0;
		};
/* End PBXFrameworksBuildPhase section */

/* Begin PBXGroup section */
		EE70A9821B91EFAB00D6D705 = {
			isa = PBXGroup;
			children = (
				EE70A98D1B91EFAB00D6D705 /* ProductViewCodeKata */,
				EE70A9A71B91EFAB00D6D705 /* ProductViewCodeKataTests */,
				EE70A98C1B91EFAB00D6D705 /* Products */,
			);
			sourceTree = "<group>";
		};
		EE70A98C1B91EFAB00D6D705 /* Products */ = {
			isa = PBXGroup;
			children = (
				EE70A98B1B91EFAB00D6D705 /* ProductViewCodeKata.app */,
				EE70A9A41B91EFAB00D6D705 /* ProductViewCodeKataTests.xctest */,
			);
			name = Products;
			sourceTree = "<group>";
		};
		EE70A98D1B91EFAB00D6D705 /* ProductViewCodeKata */ = {
			isa = PBXGroup;
			children = (
				EE70A9BB1B91FC3100D6D705 /* Models */,
				EE70A9B41B91F63100D6D705 /* Views */,
				EE70A9921B91EFAB00D6D705 /* AppDelegate.h */,
				EE70A9931B91EFAB00D6D705 /* AppDelegate.m */,
				EE70A9951B91EFAB00D6D705 /* ViewController.h */,
				EE70A9961B91EFAB00D6D705 /* ViewController.m */,
				EE70A9981B91EFAB00D6D705 /* Main.storyboard */,
				EE70A99B1B91EFAB00D6D705 /* Images.xcassets */,
				EE70A99D1B91EFAB00D6D705 /* LaunchScreen.xib */,
				EE70A98E1B91EFAB00D6D705 /* Supporting Files */,
			);
			path = ProductViewCodeKata;
			sourceTree = "<group>";
		};
		EE70A98E1B91EFAB00D6D705 /* Supporting Files */ = {
			isa = PBXGroup;
			children = (
				EE70A98F1B91EFAB00D6D705 /* Info.plist */,
				EE70A9901B91EFAB00D6D705 /* main.m */,
			);
			name = "Supporting Files";
			sourceTree = "<group>";
		};
		EE70A9A71B91EFAB00D6D705 /* ProductViewCodeKataTests */ = {
			isa = PBXGroup;
			children = (
				EE70A9AA1B91EFAB00D6D705 /* ProductViewCodeKataTests.m */,
				EE70A9A81B91EFAB00D6D705 /* Supporting Files */,
			);
			path = ProductViewCodeKataTests;
			sourceTree = "<group>";
		};
		EE70A9A81B91EFAB00D6D705 /* Supporting Files */ = {
			isa = PBXGroup;
			children = (
				EE70A9A91B91EFAB00D6D705 /* Info.plist */,
			);
			name = "Supporting Files";
			sourceTree = "<group>";
		};
		EE70A9B41B91F63100D6D705 /* Views */ = {
			isa = PBXGroup;
			children = (
				EE70A9C61B92009A00D6D705 /* ProductCell.h */,
				EE70A9B51B91F75000D6D705 /* BaseProductCell.h */,
				EE70A9B61B91F75000D6D705 /* BaseProductCell.m */,
				EE70A9B81B91F89500D6D705 /* UsedProductCell.h */,
				EE70A9B91B91F89500D6D705 /* UsedProductCell.m */,
			);
			path = Views;
			sourceTree = "<group>";
		};
		EE70A9BB1B91FC3100D6D705 /* Models */ = {
			isa = PBXGroup;
			children = (
				EE70A9BC1B91FC4600D6D705 /* Product.h */,
				EE70A9BD1B91FC7B00D6D705 /* Notebook.h */,
				EE70A9BE1B91FC7B00D6D705 /* Notebook.m */,
				EE70A9C01B91FC8700D6D705 /* SecondHand.h */,
				EE70A9C11B91FC8700D6D705 /* SecondHand.m */,
				EE70A9C31B91FD4A00D6D705 /* ProductFactory.h */,
				EE70A9C41B91FD4A00D6D705 /* ProductFactory.m */,
			);
			path = Models;
			sourceTree = "<group>";
		};
/* End PBXGroup section */

/* Begin PBXNativeTarget section */
		EE70A98A1B91EFAB00D6D705 /* ProductViewCodeKata */ = {
			isa = PBXNativeTarget;
			buildConfigurationList = EE70A9AE1B91EFAB00D6D705 /* Build configuration list for PBXNativeTarget "ProductViewCodeKata" */;
			buildPhases = (
				EE70A9871B91EFAB00D6D705 /* Sources */,
				EE70A9881B91EFAB00D6D705 /* Frameworks */,
				EE70A9891B91EFAB00D6D705 /* Resources */,
			);
			buildRules = (
			);
			dependencies = (
			);
			name = ProductViewCodeKata;
			productName = ProductViewCodeKata;
			productReference = EE70A98B1B91EFAB00D6D705 /* ProductViewCodeKata.app */;
			productType = "com.apple.product-type.application";
		};
		EE70A9A31B91EFAB00D6D705 /* ProductViewCodeKataTests */ = {
			isa = PBXNativeTarget;
			buildConfigurationList = EE70A9B11B91EFAB00D6D705 /* Build configuration list for PBXNativeTarget "ProductViewCodeKataTests" */;
			buildPhases = (
				EE70A9A01B91EFAB00D6D705 /* Sources */,
				EE70A9A11B91EFAB00D6D705 /* Frameworks */,
				EE70A9A21B91EFAB00D6D705 /* Resources */,
			);
			buildRules = (
			);
			dependencies = (
				EE70A9A61B91EFAB00D6D705 /* PBXTargetDependency */,
			);
			name = ProductViewCodeKataTests;
			productName = ProductViewCodeKataTests;
			productReference = EE70A9A41B91EFAB00D6D705 /* ProductViewCodeKataTests.xctest */;
			productType = "com.apple.product-type.bundle.unit-test";
		};
/* End PBXNativeTarget section */

/* Begin PBXProject section */
		EE70A9831B91EFAB00D6D705 /* Project object */ = {
			isa = PBXProject;
			attributes = {
				LastUpgradeCheck = 0640;
				ORGANIZATIONNAME = IgnazioC;
				TargetAttributes = {
					EE70A98A1B91EFAB00D6D705 = {
						CreatedOnToolsVersion = 6.4;
					};
					EE70A9A31B91EFAB00D6D705 = {
						CreatedOnToolsVersion = 6.4;
						TestTargetID = EE70A98A1B91EFAB00D6D705;
					};
				};
			};
			buildConfigurationList = EE70A9861B91EFAB00D6D705 /* Build configuration list for PBXProject "ProductViewCodeKata" */;
			compatibilityVersion = "Xcode 3.2";
			developmentRegion = English;
			hasScannedForEncodings = 0;
			knownRegions = (
				en,
				Base,
			);
			mainGroup = EE70A9821B91EFAB00D6D705;
			productRefGroup = EE70A98C1B91EFAB00D6D705 /* Products */;
			projectDirPath = "";
			projectRoot = "";
			targets = (
				EE70A98A1B91EFAB00D6D705 /* ProductViewCodeKata */,
				EE70A9A31B91EFAB00D6D705 /* ProductViewCodeKataTests */,
			);
		};
/* End PBXProject section */

/* Begin PBXResourcesBuildPhase section */
		EE70A9891B91EFAB00D6D705 /* Resources */ = {
			isa = PBXResourcesBuildPhase;
			buildActionMask = 2147483647;
			files = (
				EE70A99A1B91EFAB00D6D705 /* Main.storyboard in Resources */,
				EE70A99F1B91EFAB00D6D705 /* LaunchScreen.xib in Resources */,
				EE70A99C1B91EFAB00D6D705 /* Images.xcassets in Resources */,
			);
			runOnlyForDeploymentPostprocessing = 0;
		};
		EE70A9A21B91EFAB00D6D705 /* Resources */ = {
			isa = PBXResourcesBuildPhase;
			buildActionMask = 2147483647;
			files = (
			);
			runOnlyForDeploymentPostprocessing = 0;
		};
/* End PBXResourcesBuildPhase section */

/* Begin PBXSourcesBuildPhase section */
		EE70A9871B91EFAB00D6D705 /* Sources */ = {
			isa = PBXSourcesBuildPhase;
			buildActionMask = 2147483647;
			files = (
				EE70A9B71B91F75000D6D705 /* BaseProductCell.m in Sources */,
				EE70A9BA1B91F89500D6D705 /* UsedProductCell.m in Sources */,
				EE70A9BF1B91FC7B00D6D705 /* Notebook.m in Sources */,
				EE70A9971B91EFAB00D6D705 /* ViewController.m in Sources */,
				EE70A9C51B91FD4A00D6D705 /* ProductFactory.m in Sources */,
				EE70A9C21B91FC8700D6D705 /* SecondHand.m in Sources */,
				EE70A9941B91EFAB00D6D705 /* AppDelegate.m in Sources */,
				EE70A9911B91EFAB00D6D705 /* main.m in Sources */,
			);
			runOnlyForDeploymentPostprocessing = 0;
		};
		EE70A9A01B91EFAB00D6D705 /* Sources */ = {
			isa = PBXSourcesBuildPhase;
			buildActionMask = 2147483647;
			files = (
				EE70A9AB1B91EFAB00D6D705 /* ProductViewCodeKataTests.m in Sources */,
			);
			runOnlyForDeploymentPostprocessing = 0;
		};
/* End PBXSourcesBuildPhase section */

/* Begin PBXTargetDependency section */
		EE70A9A61B91EFAB00D6D705 /* PBXTargetDependency */ = {
			isa = PBXTargetDependency;
			target = EE70A98A1B91EFAB00D6D705 /* ProductViewCodeKata */;
			targetProxy = EE70A9A51B91EFAB00D6D705 /* PBXContainerItemProxy */;
		};
/* End PBXTargetDependency section */

/* Begin PBXVariantGroup section */
		EE70A9981B91EFAB00D6D705 /* Main.storyboard */ = {
			isa = PBXVariantGroup;
			children = (
				EE70A9991B91EFAB00D6D705 /* Base */,
			);
			name = Main.storyboard;
			sourceTree = "<group>";
		};
		EE70A99D1B91EFAB00D6D705 /* LaunchScreen.xib */ = {
			isa = PBXVariantGroup;
			children = (
				EE70A99E1B91EFAB00D6D705 /* Base */,
			);
			name = LaunchScreen.xib;
			sourceTree = "<group>";
		};
/* End PBXVariantGroup section */

/* Begin XCBuildConfiguration section */
		EE70A9AC1B91EFAB00D6D705 /* Debug */ = {
			isa = XCBuildConfiguration;
			buildSettings = {
				ALWAYS_SEARCH_USER_PATHS = NO;
				CLANG_CXX_LANGUAGE_STANDARD = "gnu++0x";
				CLANG_CXX_LIBRARY = "libc++";
				CLANG_ENABLE_MODULES = YES;
				CLANG_ENABLE_OBJC_ARC = YES;
				CLANG_WARN_BOOL_CONVERSION = YES;
				CLANG_WARN_CONSTANT_CONVERSION = YES;
				CLANG_WARN_DIRECT_OBJC_ISA_USAGE = YES_ERROR;
				CLANG_WARN_EMPTY_BODY = YES;
				CLANG_WARN_ENUM_CONVERSION = YES;
				CLANG_WARN_INT_CONVERSION = YES;
				CLANG_WARN_OBJC_ROOT_CLASS = YES_ERROR;
				CLANG_WARN_UNREACHABLE_CODE = YES;
				CLANG_WARN__DUPLICATE_METHOD_MATCH = YES;
				"CODE_SIGN_IDENTITY[sdk=iphoneos*]" = "iPhone Developer";
				COPY_PHASE_STRIP = NO;
				DEBUG_INFORMATION_FORMAT = "dwarf-with-dsym";
				ENABLE_STRICT_OBJC_MSGSEND = YES;
				GCC_C_LANGUAGE_STANDARD = gnu99;
				GCC_DYNAMIC_NO_PIC = NO;
				GCC_NO_COMMON_BLOCKS = YES;
				GCC_OPTIMIZATION_LEVEL = 0;
				GCC_PREPROCESSOR_DEFINITIONS = (
					"DEBUG=1",
					"$(inherited)",
				);
				GCC_SYMBOLS_PRIVATE_EXTERN = NO;
				GCC_WARN_64_TO_32_BIT_CONVERSION = YES;
				GCC_WARN_ABOUT_RETURN_TYPE = YES_ERROR;
				GCC_WARN_UNDECLARED_SELECTOR = YES;
				GCC_WARN_UNINITIALIZED_AUTOS = YES_AGGRESSIVE;
				GCC_WARN_UNUSED_FUNCTION = YES;
				GCC_WARN_UNUSED_VARIABLE = YES;
				IPHONEOS_DEPLOYMENT_TARGET = 8.4;
				MTL_ENABLE_DEBUG_INFO = YES;
				ONLY_ACTIVE_ARCH = YES;
				SDKROOT = iphoneos;
			};
			name = Debug;
		};
		EE70A9AD1B91EFAB00D6D705 /* Release */ = {
			isa = XCBuildConfiguration;
			buildSettings = {
				ALWAYS_SEARCH_USER_PATHS = NO;
				CLANG_CXX_LANGUAGE_STANDARD = "gnu++0x";
				CLANG_CXX_LIBRARY = "libc++";
				CLANG_ENABLE_MODULES = YES;
				CLANG_ENABLE_OBJC_ARC = YES;
				CLANG_WARN_BOOL_CONVERSION = YES;
				CLANG_WARN_CONSTANT_CONVERSION = YES;
				CLANG_WARN_DIRECT_OBJC_ISA_USAGE = YES_ERROR;
				CLANG_WARN_EMPTY_BODY = YES;
				CLANG_WARN_ENUM_CONVERSION = YES;
				CLANG_WARN_INT_CONVERSION = YES;
				CLANG_WARN_OBJC_ROOT_CLASS = YES_ERROR;
				CLANG_WARN_UNREACHABLE_CODE = YES;
				CLANG_WARN__DUPLICATE_METHOD_MATCH = YES;
				"CODE_SIGN_IDENTITY[sdk=iphoneos*]" = "iPhone Developer";
				COPY_PHASE_STRIP = NO;
				DEBUG_INFORMATION_FORMAT = "dwarf-with-dsym";
				ENABLE_NS_ASSERTIONS = NO;
				ENABLE_STRICT_OBJC_MSGSEND = YES;
				GCC_C_LANGUAGE_STANDARD = gnu99;
				GCC_NO_COMMON_BLOCKS = YES;
				GCC_WARN_64_TO_32_BIT_CONVERSION = YES;
				GCC_WARN_ABOUT_RETURN_TYPE = YES_ERROR;
				GCC_WARN_UNDECLARED_SELECTOR = YES;
				GCC_WARN_UNINITIALIZED_AUTOS = YES_AGGRESSIVE;
				GCC_WARN_UNUSED_FUNCTION = YES;
				GCC_WARN_UNUSED_VARIABLE = YES;
				IPHONEOS_DEPLOYMENT_TARGET = 8.4;
				MTL_ENABLE_DEBUG_INFO = NO;
				SDKROOT = iphoneos;
				VALIDATE_PRODUCT = YES;
			};
			name = Release;
		};
		EE70A9AF1B91EFAB00D6D705 /* Debug */ = {
			isa = XCBuildConfiguration;
			buildSettings = {
				ASSETCATALOG_COMPILER_APPICON_NAME = AppIcon;
				INFOPLIST_FILE = ProductViewCodeKata/Info.plist;
				LD_RUNPATH_SEARCH_PATHS = "$(inherited) @executable_path/Frameworks";
				PRODUCT_NAME = "$(TARGET_NAME)";
			};
			name = Debug;
		};
		EE70A9B01B91EFAB00D6D705 /* Release */ = {
			isa = XCBuildConfiguration;
			buildSettings = {
				ASSETCATALOG_COMPILER_APPICON_NAME = AppIcon;
				INFOPLIST_FILE = ProductViewCodeKata/Info.plist;
				LD_RUNPATH_SEARCH_PATHS = "$(inherited) @executable_path/Frameworks";
				PRODUCT_NAME = "$(TARGET_NAME)";
			};
			name = Release;
		};
		EE70A9B21B91EFAB00D6D705 /* Debug */ = {
			isa = XCBuildConfiguration;
			buildSettings = {
				BUNDLE_LOADER = "$(TEST_HOST)";
				FRAMEWORK_SEARCH_PATHS = (
					"$(SDKROOT)/Developer/Library/Frameworks",
					"$(inherited)",
				);
				GCC_PREPROCESSOR_DEFINITIONS = (
					"DEBUG=1",
					"$(inherited)",
				);
				INFOPLIST_FILE = ProductViewCodeKataTests/Info.plist;
				LD_RUNPATH_SEARCH_PATHS = "$(inherited) @executable_path/Frameworks @loader_path/Frameworks";
				PRODUCT_NAME = "$(TARGET_NAME)";
				TEST_HOST = "$(BUILT_PRODUCTS_DIR)/ProductViewCodeKata.app/ProductViewCodeKata";
			};
			name = Debug;
		};
		EE70A9B31B91EFAB00D6D705 /* Release */ = {
			isa = XCBuildConfiguration;
			buildSettings = {
				BUNDLE_LOADER = "$(TEST_HOST)";
				FRAMEWORK_SEARCH_PATHS = (
					"$(SDKROOT)/Developer/Library/Frameworks",
					"$(inherited)",
				);
				INFOPLIST_FILE = ProductViewCodeKataTests/Info.plist;
				LD_RUNPATH_SEARCH_PATHS = "$(inherited) @executable_path/Frameworks @loader_path/Frameworks";
				PRODUCT_NAME = "$(TARGET_NAME)";
				TEST_HOST = "$(BUILT_PRODUCTS_DIR)/ProductViewCodeKata.app/ProductViewCodeKata";
			};
			name = Release;
		};
/* End XCBuildConfiguration section */

/* Begin XCConfigurationList section */
		EE70A9861B91EFAB00D6D705 /* Build configuration list for PBXProject "ProductViewCodeKata" */ = {
			isa = XCConfigurationList;
			buildConfigurations = (
				EE70A9AC1B91EFAB00D6D705 /* Debug */,
				EE70A9AD1B91EFAB00D6D705 /* Release */,
			);
			defaultConfigurationIsVisible = 0;
			defaultConfigurationName = Release;
		};
		EE70A9AE1B91EFAB00D6D705 /* Build configuration list for PBXNativeTarget "ProductViewCodeKata" */ = {
			isa = XCConfigurationList;
			buildConfigurations = (
				EE70A9AF1B91EFAB00D6D705 /* Debug */,
				EE70A9B01B91EFAB00D6D705 /* Release */,
			);
			defaultConfigurationIsVisible = 0;
		};
		EE70A9B11B91EFAB00D6D705 /* Build configuration list for PBXNativeTarget "ProductViewCodeKataTests" */ = {
			isa = XCConfigurationList;
			buildConfigurations = (
				EE70A9B21B91EFAB00D6D705 /* Debug */,
				EE70A9B31B91EFAB00D6D705 /* Release */,
			);
			defaultConfigurationIsVisible = 0;
		};
/* End XCConfigurationList section */
	};
	rootObject = EE70A9831B91EFAB00D6D705 /* Project object */;
}
